
Microsoft Visual Studio Solution File, Format Version 12.00
# Visual Studio Version 16
VisualStudioVersion = 16.0.28803.452
MinimumVisualStudioVersion = 10.0.40219.1
Project("{FAE04EC0-301F-11D3-BF4B-00C04F79EFBC}") = "SonarCloudTest", "SonarCloudTest\SonarCloudTest.csproj", "{D8BDFD5C-7AE5-4789-90EC-A6A5801F61C5}"
EndProject
Global
	GlobalSection(SolutionConfigurationPlatforms) = preSolution
		Debug|Any CPU = Debug|Any CPU
		Release|Any CPU = Release|Any CPU
	EndGlobalSection
	GlobalSection(ProjectConfigurationPlatforms) = postSolution
		{D8BDFD5C-7AE5-4789-90EC-A6A5801F61C5}.Debug|Any CPU.ActiveCfg = Debug|Any CPU
		{D8BDFD5C-7AE5-4789-90EC-A6A5801F61C5}.Debug|Any CPU.Build.0 = Debug|Any CPU
		{D8BDFD5C-7AE5-4789-90EC-A6A5801F61C5}.Release|Any CPU.ActiveCfg = Release|Any CPU
		{D8BDFD5C-7AE5-4789-90EC-A6A5801F61C5}.Release|Any CPU.Build.0 = Release|Any CPU
	EndGlobalSection
	GlobalSection(SolutionProperties) = preSolution
		HideSolutionNode = FALSE
	EndGlobalSection
	GlobalSection(ExtensibilityGlobals) = postSolution
		SolutionGuid = {69385194-AF96-490B-B7E3-912EC0094F50}
	EndGlobalSection
EndGlobal
